// !$*UTF8*$!
{
	archiveVersion = 1;
	classes = {
	};
	objectVersion = 46;
	objects = {

/* Begin PBXBuildFile section */
		0004A3381C1348F20046E805 /* ScheduleTableViewCell.m in Sources */ = {isa = PBXBuildFile; fileRef = 0004A3361C1348F20046E805 /* ScheduleTableViewCell.m */; };
		0004A3391C1348F20046E805 /* ScheduleTableViewCell.xib in Resources */ = {isa = PBXBuildFile; fileRef = 0004A3371C1348F20046E805 /* ScheduleTableViewCell.xib */; };
		0004A3421C134B2E0046E805 /* MuseoSans-300.otf in Resources */ = {isa = PBXBuildFile; fileRef = 0004A33B1C134B2E0046E805 /* MuseoSans-300.otf */; };
		0004A3431C134B2E0046E805 /* MuseoSans-500.otf in Resources */ = {isa = PBXBuildFile; fileRef = 0004A33C1C134B2E0046E805 /* MuseoSans-500.otf */; };
		0004A3441C134B2E0046E805 /* MuseoSans-700.otf in Resources */ = {isa = PBXBuildFile; fileRef = 0004A33D1C134B2E0046E805 /* MuseoSans-700.otf */; };
		0004A3451C134B2E0046E805 /* MuseoSans_100.otf in Resources */ = {isa = PBXBuildFile; fileRef = 0004A33E1C134B2E0046E805 /* MuseoSans_100.otf */; };
		0004A3461C134B2E0046E805 /* MuseoSans_300.otf in Resources */ = {isa = PBXBuildFile; fileRef = 0004A33F1C134B2E0046E805 /* MuseoSans_300.otf */; };
		0004A3471C134B2E0046E805 /* MuseoSans_500.otf in Resources */ = {isa = PBXBuildFile; fileRef = 0004A3401C134B2E0046E805 /* MuseoSans_500.otf */; };
		0004A3481C134B2E0046E805 /* MuseoSans_700.otf in Resources */ = {isa = PBXBuildFile; fileRef = 0004A3411C134B2E0046E805 /* MuseoSans_700.otf */; };
		0004A34B1C134CF50046E805 /* SeparatorLineView.m in Sources */ = {isa = PBXBuildFile; fileRef = 0004A34A1C134CF50046E805 /* SeparatorLineView.m */; };
		0004A3551C1371580046E805 /* QuranicDataSource.m in Sources */ = {isa = PBXBuildFile; fileRef = 0004A3541C1371580046E805 /* QuranicDataSource.m */; };
		0004A3661C13723B0046E805 /* QuranicAuthor.m in Sources */ = {isa = PBXBuildFile; fileRef = 0004A35E1C13723B0046E805 /* QuranicAuthor.m */; };
		0004A3671C13723B0046E805 /* QuranicCustomFields.m in Sources */ = {isa = PBXBuildFile; fileRef = 0004A3601C13723B0046E805 /* QuranicCustomFields.m */; };
		0004A3681C13723B0046E805 /* QuranicPosts.m in Sources */ = {isa = PBXBuildFile; fileRef = 0004A3631C13723B0046E805 /* QuranicPosts.m */; };
		0004A3691C13723B0046E805 /* QuranicResponse.m in Sources */ = {isa = PBXBuildFile; fileRef = 0004A3651C13723B0046E805 /* QuranicResponse.m */; };
		0004A36D1C13DE540046E805 /* QuranicTableViewCell.m in Sources */ = {isa = PBXBuildFile; fileRef = 0004A36B1C13DE540046E805 /* QuranicTableViewCell.m */; };
		0004A36E1C13DE540046E805 /* QuranicTableViewCell.xib in Resources */ = {isa = PBXBuildFile; fileRef = 0004A36C1C13DE540046E805 /* QuranicTableViewCell.xib */; };
		0004A3721C13E5690046E805 /* QuranicViewController.m in Sources */ = {isa = PBXBuildFile; fileRef = 0004A3701C13E5690046E805 /* QuranicViewController.m */; };
		0004A3731C13E5690046E805 /* QuranicViewController.xib in Resources */ = {isa = PBXBuildFile; fileRef = 0004A3711C13E5690046E805 /* QuranicViewController.xib */; };
		001653201C12009A00498E02 /* main.m in Sources */ = {isa = PBXBuildFile; fileRef = 0016531F1C12009A00498E02 /* main.m */; };
		001653231C12009A00498E02 /* AppDelegate.m in Sources */ = {isa = PBXBuildFile; fileRef = 001653221C12009A00498E02 /* AppDelegate.m */; };
		0016532B1C12009A00498E02 /* Assets.xcassets in Resources */ = {isa = PBXBuildFile; fileRef = 0016532A1C12009A00498E02 /* Assets.xcassets */; };
		0016532E1C12009A00498E02 /* LaunchScreen.storyboard in Resources */ = {isa = PBXBuildFile; fileRef = 0016532C1C12009A00498E02 /* LaunchScreen.storyboard */; };
		0016533A1C12020600498E02 /* HomeViewController.m in Sources */ = {isa = PBXBuildFile; fileRef = 001653381C12020600498E02 /* HomeViewController.m */; };
		0016533B1C12020600498E02 /* HomeViewController.xib in Resources */ = {isa = PBXBuildFile; fileRef = 001653391C12020600498E02 /* HomeViewController.xib */; };
		001653401C12023800498E02 /* VanNavigationController.m in Sources */ = {isa = PBXBuildFile; fileRef = 0016533F1C12023800498E02 /* VanNavigationController.m */; };
		001653441C12024B00498E02 /* BaseViewController.m in Sources */ = {isa = PBXBuildFile; fileRef = 001653431C12024B00498E02 /* BaseViewController.m */; };
		0016534C1C120AEB00498E02 /* StreamingViewController.m in Sources */ = {isa = PBXBuildFile; fileRef = 0016534A1C120AEB00498E02 /* StreamingViewController.m */; };
		0016534D1C120AEB00498E02 /* StreamingViewController.xib in Resources */ = {isa = PBXBuildFile; fileRef = 0016534B1C120AEB00498E02 /* StreamingViewController.xib */; };
		001653501C120AF900498E02 /* StreamingView.m in Sources */ = {isa = PBXBuildFile; fileRef = 0016534F1C120AF900498E02 /* StreamingView.m */; };
		001653531C120D3C00498E02 /* HomeView.m in Sources */ = {isa = PBXBuildFile; fileRef = 001653521C120D3C00498E02 /* HomeView.m */; };
		001653571C120D8500498E02 /* ScheduleViewController.m in Sources */ = {isa = PBXBuildFile; fileRef = 001653551C120D8500498E02 /* ScheduleViewController.m */; };
		001653581C120D8500498E02 /* ScheduleViewController.xib in Resources */ = {isa = PBXBuildFile; fileRef = 001653561C120D8500498E02 /* ScheduleViewController.xib */; };
		0016535B1C120D9600498E02 /* ScheduleView.m in Sources */ = {isa = PBXBuildFile; fileRef = 0016535A1C120D9600498E02 /* ScheduleView.m */; };
		0016535F1C120F1D00498E02 /* ScheduleDataSource.m in Sources */ = {isa = PBXBuildFile; fileRef = 0016535E1C120F1D00498E02 /* ScheduleDataSource.m */; };
		001653691C120FF200498E02 /* ScheduleOutputProperties.m in Sources */ = {isa = PBXBuildFile; fileRef = 001653641C120FF200498E02 /* ScheduleOutputProperties.m */; };
		0016536A1C120FF200498E02 /* ScheduleResponse.m in Sources */ = {isa = PBXBuildFile; fileRef = 001653661C120FF200498E02 /* ScheduleResponse.m */; };
		0016536B1C120FF200498E02 /* ScheduleResults.m in Sources */ = {isa = PBXBuildFile; fileRef = 001653681C120FF200498E02 /* ScheduleResults.m */; };
		001653701C12111600498E02 /* APIManager.m in Sources */ = {isa = PBXBuildFile; fileRef = 0016536F1C12111600498E02 /* APIManager.m */; };
		00943E921C4756AC00BA3161 /* AdSupport.framework in Frameworks */ = {isa = PBXBuildFile; fileRef = 00943E911C4756AC00BA3161 /* AdSupport.framework */; };
		00943E941C4756AC00BA3161 /* AVFoundation.framework in Frameworks */ = {isa = PBXBuildFile; fileRef = 00943E931C4756AC00BA3161 /* AVFoundation.framework */; };
		009B3AE01C67958E007C1AA1 /* Elevate_PersonalUse.ttf in Resources */ = {isa = PBXBuildFile; fileRef = 009B3ADF1C67948B007C1AA1 /* Elevate_PersonalUse.ttf */; };
		00A58A3A1C1215170005F32E /* DatabaseManager.m in Sources */ = {isa = PBXBuildFile; fileRef = 00A58A391C1215170005F32E /* DatabaseManager.m */; };
		00A58A3C1C121DBC0005F32E /* CoreFoundation.framework in Frameworks */ = {isa = PBXBuildFile; fileRef = 00A58A3B1C121DBC0005F32E /* CoreFoundation.framework */; };
		00A58A3E1C121EE10005F32E /* UIKit.framework in Frameworks */ = {isa = PBXBuildFile; fileRef = 00A58A3D1C121EE10005F32E /* UIKit.framework */; };
		00A58A411C12293F0005F32E /* CommonHelper.m in Sources */ = {isa = PBXBuildFile; fileRef = 00A58A401C12293F0005F32E /* CommonHelper.m */; };
		00A58A4D1C1237870005F32E /* DeviceHelper.m in Sources */ = {isa = PBXBuildFile; fileRef = 00A58A4C1C1237870005F32E /* DeviceHelper.m */; };
		036989F3AD328DC2400024D9 /* libPods-Radio.a in Frameworks */ = {isa = PBXBuildFile; fileRef = 45F7310F24C8FB1DDF47E970 /* libPods-Radio.a */; };
/* End PBXBuildFile section */

/* Begin PBXFileReference section */
		0004A3351C1348F20046E805 /* ScheduleTableViewCell.h */ = {isa = PBXFileReference; fileEncoding = 4; lastKnownFileType = sourcecode.c.h; path = ScheduleTableViewCell.h; sourceTree = "<group>"; };
		0004A3361C1348F20046E805 /* ScheduleTableViewCell.m */ = {isa = PBXFileReference; fileEncoding = 4; lastKnownFileType = sourcecode.c.objc; path = ScheduleTableViewCell.m; sourceTree = "<group>"; };
		0004A3371C1348F20046E805 /* ScheduleTableViewCell.xib */ = {isa = PBXFileReference; fileEncoding = 4; lastKnownFileType = file.xib; path = ScheduleTableViewCell.xib; sourceTree = "<group>"; };
		0004A33B1C134B2E0046E805 /* MuseoSans-300.otf */ = {isa = PBXFileReference; lastKnownFileType = file; path = "MuseoSans-300.otf"; sourceTree = "<group>"; };
		0004A33C1C134B2E0046E805 /* MuseoSans-500.otf */ = {isa = PBXFileReference; lastKnownFileType = file; path = "MuseoSans-500.otf"; sourceTree = "<group>"; };
		0004A33D1C134B2E0046E805 /* MuseoSans-700.otf */ = {isa = PBXFileReference; lastKnownFileType = file; path = "MuseoSans-700.otf"; sourceTree = "<group>"; };
		0004A33E1C134B2E0046E805 /* MuseoSans_100.otf */ = {isa = PBXFileReference; lastKnownFileType = file; path = MuseoSans_100.otf; sourceTree = "<group>"; };
		0004A33F1C134B2E0046E805 /* MuseoSans_300.otf */ = {isa = PBXFileReference; lastKnownFileType = file; path = MuseoSans_300.otf; sourceTree = "<group>"; };
		0004A3401C134B2E0046E805 /* MuseoSans_500.otf */ = {isa = PBXFileReference; lastKnownFileType = file; path = MuseoSans_500.otf; sourceTree = "<group>"; };
		0004A3411C134B2E0046E805 /* MuseoSans_700.otf */ = {isa = PBXFileReference; lastKnownFileType = file; path = MuseoSans_700.otf; sourceTree = "<group>"; };
		0004A3491C134CF50046E805 /* SeparatorLineView.h */ = {isa = PBXFileReference; fileEncoding = 4; lastKnownFileType = sourcecode.c.h; path = SeparatorLineView.h; sourceTree = "<group>"; };
		0004A34A1C134CF50046E805 /* SeparatorLineView.m */ = {isa = PBXFileReference; fileEncoding = 4; lastKnownFileType = sourcecode.c.objc; path = SeparatorLineView.m; sourceTree = "<group>"; };
		0004A3531C1371580046E805 /* QuranicDataSource.h */ = {isa = PBXFileReference; fileEncoding = 4; lastKnownFileType = sourcecode.c.h; path = QuranicDataSource.h; sourceTree = "<group>"; };
		0004A3541C1371580046E805 /* QuranicDataSource.m */ = {isa = PBXFileReference; fileEncoding = 4; lastKnownFileType = sourcecode.c.objc; path = QuranicDataSource.m; sourceTree = "<group>"; };
		0004A35D1C13723B0046E805 /* QuranicAuthor.h */ = {isa = PBXFileReference; fileEncoding = 4; lastKnownFileType = sourcecode.c.h; path = QuranicAuthor.h; sourceTree = "<group>"; };
		0004A35E1C13723B0046E805 /* QuranicAuthor.m */ = {isa = PBXFileReference; fileEncoding = 4; lastKnownFileType = sourcecode.c.objc; path = QuranicAuthor.m; sourceTree = "<group>"; };
		0004A35F1C13723B0046E805 /* QuranicCustomFields.h */ = {isa = PBXFileReference; fileEncoding = 4; lastKnownFileType = sourcecode.c.h; path = QuranicCustomFields.h; sourceTree = "<group>"; };
		0004A3601C13723B0046E805 /* QuranicCustomFields.m */ = {isa = PBXFileReference; fileEncoding = 4; lastKnownFileType = sourcecode.c.objc; path = QuranicCustomFields.m; sourceTree = "<group>"; };
		0004A3611C13723B0046E805 /* QuranicDataModels.h */ = {isa = PBXFileReference; fileEncoding = 4; lastKnownFileType = sourcecode.c.h; path = QuranicDataModels.h; sourceTree = "<group>"; };
		0004A3621C13723B0046E805 /* QuranicPosts.h */ = {isa = PBXFileReference; fileEncoding = 4; lastKnownFileType = sourcecode.c.h; path = QuranicPosts.h; sourceTree = "<group>"; };
		0004A3631C13723B0046E805 /* QuranicPosts.m */ = {isa = PBXFileReference; fileEncoding = 4; lastKnownFileType = sourcecode.c.objc; path = QuranicPosts.m; sourceTree = "<group>"; };
		0004A3641C13723B0046E805 /* QuranicResponse.h */ = {isa = PBXFileReference; fileEncoding = 4; lastKnownFileType = sourcecode.c.h; path = QuranicResponse.h; sourceTree = "<group>"; };
		0004A3651C13723B0046E805 /* QuranicResponse.m */ = {isa = PBXFileReference; fileEncoding = 4; lastKnownFileType = sourcecode.c.objc; path = QuranicResponse.m; sourceTree = "<group>"; };
		0004A36A1C13DE540046E805 /* QuranicTableViewCell.h */ = {isa = PBXFileReference; fileEncoding = 4; lastKnownFileType = sourcecode.c.h; path = QuranicTableViewCell.h; sourceTree = "<group>"; };
		0004A36B1C13DE540046E805 /* QuranicTableViewCell.m */ = {isa = PBXFileReference; fileEncoding = 4; lastKnownFileType = sourcecode.c.objc; path = QuranicTableViewCell.m; sourceTree = "<group>"; };
		0004A36C1C13DE540046E805 /* QuranicTableViewCell.xib */ = {isa = PBXFileReference; fileEncoding = 4; lastKnownFileType = file.xib; path = QuranicTableViewCell.xib; sourceTree = "<group>"; };
		0004A36F1C13E5690046E805 /* QuranicViewController.h */ = {isa = PBXFileReference; fileEncoding = 4; lastKnownFileType = sourcecode.c.h; path = QuranicViewController.h; sourceTree = "<group>"; };
		0004A3701C13E5690046E805 /* QuranicViewController.m */ = {isa = PBXFileReference; fileEncoding = 4; lastKnownFileType = sourcecode.c.objc; path = QuranicViewController.m; sourceTree = "<group>"; };
		0004A3711C13E5690046E805 /* QuranicViewController.xib */ = {isa = PBXFileReference; fileEncoding = 4; lastKnownFileType = file.xib; path = QuranicViewController.xib; sourceTree = "<group>"; };
		0016531B1C12009A00498E02 /* Radio.app */ = {isa = PBXFileReference; explicitFileType = wrapper.application; includeInIndex = 0; path = Radio.app; sourceTree = BUILT_PRODUCTS_DIR; };
		0016531F1C12009A00498E02 /* main.m */ = {isa = PBXFileReference; lastKnownFileType = sourcecode.c.objc; path = main.m; sourceTree = "<group>"; };
		001653211C12009A00498E02 /* AppDelegate.h */ = {isa = PBXFileReference; lastKnownFileType = sourcecode.c.h; path = AppDelegate.h; sourceTree = "<group>"; };
		001653221C12009A00498E02 /* AppDelegate.m */ = {isa = PBXFileReference; lastKnownFileType = sourcecode.c.objc; path = AppDelegate.m; sourceTree = "<group>"; };
		0016532A1C12009A00498E02 /* Assets.xcassets */ = {isa = PBXFileReference; lastKnownFileType = folder.assetcatalog; path = Assets.xcassets; sourceTree = "<group>"; };
		0016532D1C12009A00498E02 /* Base */ = {isa = PBXFileReference; lastKnownFileType = file.storyboard; name = Base; path = Base.lproj/LaunchScreen.storyboard; sourceTree = "<group>"; };
		0016532F1C12009A00498E02 /* Info.plist */ = {isa = PBXFileReference; lastKnownFileType = text.plist.xml; path = Info.plist; sourceTree = "<group>"; };
		001653371C12020600498E02 /* HomeViewController.h */ = {isa = PBXFileReference; fileEncoding = 4; lastKnownFileType = sourcecode.c.h; path = HomeViewController.h; sourceTree = "<group>"; };
		001653381C12020600498E02 /* HomeViewController.m */ = {isa = PBXFileReference; fileEncoding = 4; lastKnownFileType = sourcecode.c.objc; path = HomeViewController.m; sourceTree = "<group>"; };
		001653391C12020600498E02 /* HomeViewController.xib */ = {isa = PBXFileReference; fileEncoding = 4; lastKnownFileType = file.xib; path = HomeViewController.xib; sourceTree = "<group>"; };
		0016533E1C12023800498E02 /* VanNavigationController.h */ = {isa = PBXFileReference; fileEncoding = 4; lastKnownFileType = sourcecode.c.h; path = VanNavigationController.h; sourceTree = "<group>"; };
		0016533F1C12023800498E02 /* VanNavigationController.m */ = {isa = PBXFileReference; fileEncoding = 4; lastKnownFileType = sourcecode.c.objc; path = VanNavigationController.m; sourceTree = "<group>"; };
		001653421C12024B00498E02 /* BaseViewController.h */ = {isa = PBXFileReference; fileEncoding = 4; lastKnownFileType = sourcecode.c.h; path = BaseViewController.h; sourceTree = "<group>"; };
		001653431C12024B00498E02 /* BaseViewController.m */ = {isa = PBXFileReference; fileEncoding = 4; lastKnownFileType = sourcecode.c.objc; path = BaseViewController.m; sourceTree = "<group>"; };
		001653491C120AEB00498E02 /* StreamingViewController.h */ = {isa = PBXFileReference; fileEncoding = 4; lastKnownFileType = sourcecode.c.h; path = StreamingViewController.h; sourceTree = "<group>"; };
		0016534A1C120AEB00498E02 /* StreamingViewController.m */ = {isa = PBXFileReference; fileEncoding = 4; lastKnownFileType = sourcecode.c.objc; path = StreamingViewController.m; sourceTree = "<group>"; };
		0016534B1C120AEB00498E02 /* StreamingViewController.xib */ = {isa = PBXFileReference; fileEncoding = 4; lastKnownFileType = file.xib; path = StreamingViewController.xib; sourceTree = "<group>"; };
		0016534E1C120AF900498E02 /* StreamingView.h */ = {isa = PBXFileReference; fileEncoding = 4; lastKnownFileType = sourcecode.c.h; path = StreamingView.h; sourceTree = "<group>"; };
		0016534F1C120AF900498E02 /* StreamingView.m */ = {isa = PBXFileReference; fileEncoding = 4; lastKnownFileType = sourcecode.c.objc; path = StreamingView.m; sourceTree = "<group>"; };
		001653511C120D3C00498E02 /* HomeView.h */ = {isa = PBXFileReference; fileEncoding = 4; lastKnownFileType = sourcecode.c.h; path = HomeView.h; sourceTree = "<group>"; };
		001653521C120D3C00498E02 /* HomeView.m */ = {isa = PBXFileReference; fileEncoding = 4; lastKnownFileType = sourcecode.c.objc; path = HomeView.m; sourceTree = "<group>"; };
		001653541C120D8500498E02 /* ScheduleViewController.h */ = {isa = PBXFileReference; fileEncoding = 4; lastKnownFileType = sourcecode.c.h; path = ScheduleViewController.h; sourceTree = "<group>"; };
		001653551C120D8500498E02 /* ScheduleViewController.m */ = {isa = PBXFileReference; fileEncoding = 4; lastKnownFileType = sourcecode.c.objc; path = ScheduleViewController.m; sourceTree = "<group>"; };
		001653561C120D8500498E02 /* ScheduleViewController.xib */ = {isa = PBXFileReference; fileEncoding = 4; lastKnownFileType = file.xib; path = ScheduleViewController.xib; sourceTree = "<group>"; };
		001653591C120D9600498E02 /* ScheduleView.h */ = {isa = PBXFileReference; fileEncoding = 4; lastKnownFileType = sourcecode.c.h; path = ScheduleView.h; sourceTree = "<group>"; };
		0016535A1C120D9600498E02 /* ScheduleView.m */ = {isa = PBXFileReference; fileEncoding = 4; lastKnownFileType = sourcecode.c.objc; path = ScheduleView.m; sourceTree = "<group>"; };
		0016535D1C120F1D00498E02 /* ScheduleDataSource.h */ = {isa = PBXFileReference; fileEncoding = 4; lastKnownFileType = sourcecode.c.h; path = ScheduleDataSource.h; sourceTree = "<group>"; };
		0016535E1C120F1D00498E02 /* ScheduleDataSource.m */ = {isa = PBXFileReference; fileEncoding = 4; lastKnownFileType = sourcecode.c.objc; path = ScheduleDataSource.m; sourceTree = "<group>"; };
		001653621C120FF200498E02 /* ScheduleDataModels.h */ = {isa = PBXFileReference; fileEncoding = 4; lastKnownFileType = sourcecode.c.h; path = ScheduleDataModels.h; sourceTree = "<group>"; };
		001653631C120FF200498E02 /* ScheduleOutputProperties.h */ = {isa = PBXFileReference; fileEncoding = 4; lastKnownFileType = sourcecode.c.h; path = ScheduleOutputProperties.h; sourceTree = "<group>"; };
		001653641C120FF200498E02 /* ScheduleOutputProperties.m */ = {isa = PBXFileReference; fileEncoding = 4; lastKnownFileType = sourcecode.c.objc; path = ScheduleOutputProperties.m; sourceTree = "<group>"; };
		001653651C120FF200498E02 /* ScheduleResponse.h */ = {isa = PBXFileReference; fileEncoding = 4; lastKnownFileType = sourcecode.c.h; path = ScheduleResponse.h; sourceTree = "<group>"; };
		001653661C120FF200498E02 /* ScheduleResponse.m */ = {isa = PBXFileReference; fileEncoding = 4; lastKnownFileType = sourcecode.c.objc; path = ScheduleResponse.m; sourceTree = "<group>"; };
		001653671C120FF200498E02 /* ScheduleResults.h */ = {isa = PBXFileReference; fileEncoding = 4; lastKnownFileType = sourcecode.c.h; path = ScheduleResults.h; sourceTree = "<group>"; };
		001653681C120FF200498E02 /* ScheduleResults.m */ = {isa = PBXFileReference; fileEncoding = 4; lastKnownFileType = sourcecode.c.objc; path = ScheduleResults.m; sourceTree = "<group>"; };
		0016536C1C12107300498E02 /* StaticAndPreferences.h */ = {isa = PBXFileReference; lastKnownFileType = sourcecode.c.h; path = StaticAndPreferences.h; sourceTree = "<group>"; };
		0016536E1C12111600498E02 /* APIManager.h */ = {isa = PBXFileReference; fileEncoding = 4; lastKnownFileType = sourcecode.c.h; path = APIManager.h; sourceTree = "<group>"; };
		0016536F1C12111600498E02 /* APIManager.m */ = {isa = PBXFileReference; fileEncoding = 4; lastKnownFileType = sourcecode.c.objc; path = APIManager.m; sourceTree = "<group>"; };
		00943E911C4756AC00BA3161 /* AdSupport.framework */ = {isa = PBXFileReference; lastKnownFileType = wrapper.framework; name = AdSupport.framework; path = System/Library/Frameworks/AdSupport.framework; sourceTree = SDKROOT; };
		00943E931C4756AC00BA3161 /* AVFoundation.framework */ = {isa = PBXFileReference; lastKnownFileType = wrapper.framework; name = AVFoundation.framework; path = System/Library/Frameworks/AVFoundation.framework; sourceTree = SDKROOT; };
		009B3ADF1C67948B007C1AA1 /* Elevate_PersonalUse.ttf */ = {isa = PBXFileReference; lastKnownFileType = file; path = Elevate_PersonalUse.ttf; sourceTree = "<group>"; };
		00A58A381C1215170005F32E /* DatabaseManager.h */ = {isa = PBXFileReference; fileEncoding = 4; lastKnownFileType = sourcecode.c.h; path = DatabaseManager.h; sourceTree = "<group>"; };
		00A58A391C1215170005F32E /* DatabaseManager.m */ = {isa = PBXFileReference; fileEncoding = 4; lastKnownFileType = sourcecode.c.objc; path = DatabaseManager.m; sourceTree = "<group>"; };
		00A58A3B1C121DBC0005F32E /* CoreFoundation.framework */ = {isa = PBXFileReference; lastKnownFileType = wrapper.framework; name = CoreFoundation.framework; path = System/Library/Frameworks/CoreFoundation.framework; sourceTree = SDKROOT; };
		00A58A3D1C121EE10005F32E /* UIKit.framework */ = {isa = PBXFileReference; lastKnownFileType = wrapper.framework; name = UIKit.framework; path = System/Library/Frameworks/UIKit.framework; sourceTree = SDKROOT; };
		00A58A3F1C12293F0005F32E /* CommonHelper.h */ = {isa = PBXFileReference; fileEncoding = 4; lastKnownFileType = sourcecode.c.h; path = CommonHelper.h; sourceTree = "<group>"; };
		00A58A401C12293F0005F32E /* CommonHelper.m */ = {isa = PBXFileReference; fileEncoding = 4; lastKnownFileType = sourcecode.c.objc; path = CommonHelper.m; sourceTree = "<group>"; };
		00A58A4B1C1237870005F32E /* DeviceHelper.h */ = {isa = PBXFileReference; fileEncoding = 4; lastKnownFileType = sourcecode.c.h; path = DeviceHelper.h; sourceTree = "<group>"; };
		00A58A4C1C1237870005F32E /* DeviceHelper.m */ = {isa = PBXFileReference; fileEncoding = 4; lastKnownFileType = sourcecode.c.objc; path = DeviceHelper.m; sourceTree = "<group>"; };
		40336771EC57B4E124C61A5A /* Pods-Radio.debug.xcconfig */ = {isa = PBXFileReference; includeInIndex = 1; lastKnownFileType = text.xcconfig; name = "Pods-Radio.debug.xcconfig"; path = "Pods/Target Support Files/Pods-Radio/Pods-Radio.debug.xcconfig"; sourceTree = "<group>"; };
		45F7310F24C8FB1DDF47E970 /* libPods-Radio.a */ = {isa = PBXFileReference; explicitFileType = archive.ar; includeInIndex = 0; path = "libPods-Radio.a"; sourceTree = BUILT_PRODUCTS_DIR; };
		BA23F7DE3C9D0D72293A3B0D /* Pods-Radio.release.xcconfig */ = {isa = PBXFileReference; includeInIndex = 1; lastKnownFileType = text.xcconfig; name = "Pods-Radio.release.xcconfig"; path = "Pods/Target Support Files/Pods-Radio/Pods-Radio.release.xcconfig"; sourceTree = "<group>"; };
/* End PBXFileReference section */

/* Begin PBXFrameworksBuildPhase section */
		001653181C12009A00498E02 /* Frameworks */ = {
			isa = PBXFrameworksBuildPhase;
			buildActionMask = 2147483647;
			files = (
				00943E941C4756AC00BA3161 /* AVFoundation.framework in Frameworks */,
				00943E921C4756AC00BA3161 /* AdSupport.framework in Frameworks */,
				00A58A3E1C121EE10005F32E /* UIKit.framework in Frameworks */,
				00A58A3C1C121DBC0005F32E /* CoreFoundation.framework in Frameworks */,
				036989F3AD328DC2400024D9 /* libPods-Radio.a in Frameworks */,
			);
			runOnlyForDeploymentPostprocessing = 0;
		};
/* End PBXFrameworksBuildPhase section */

/* Begin PBXGroup section */
		0004A33A1C134B2E0046E805 /* Font */ = {
			isa = PBXGroup;
			children = (
				009B3ADF1C67948B007C1AA1 /* Elevate_PersonalUse.ttf */,
				0004A33B1C134B2E0046E805 /* MuseoSans-300.otf */,
				0004A33C1C134B2E0046E805 /* MuseoSans-500.otf */,
				0004A33D1C134B2E0046E805 /* MuseoSans-700.otf */,
				0004A33E1C134B2E0046E805 /* MuseoSans_100.otf */,
				0004A33F1C134B2E0046E805 /* MuseoSans_300.otf */,
				0004A3401C134B2E0046E805 /* MuseoSans_500.otf */,
				0004A3411C134B2E0046E805 /* MuseoSans_700.otf */,
			);
			path = Font;
			sourceTree = "<group>";
		};
		0004A34C1C1353C00046E805 /* Header */ = {
			isa = PBXGroup;
			children = (
			);
			name = Header;
			sourceTree = "<group>";
		};
		0004A3521C13713F0046E805 /* Data Source */ = {
			isa = PBXGroup;
			children = (
				0004A3531C1371580046E805 /* QuranicDataSource.h */,
				0004A3541C1371580046E805 /* QuranicDataSource.m */,
			);
			name = "Data Source";
			sourceTree = "<group>";
		};
		0004A3561C1371610046E805 /* Quranic Cell */ = {
			isa = PBXGroup;
			children = (
				0004A36A1C13DE540046E805 /* QuranicTableViewCell.h */,
				0004A36B1C13DE540046E805 /* QuranicTableViewCell.m */,
				0004A36C1C13DE540046E805 /* QuranicTableViewCell.xib */,
			);
			name = "Quranic Cell";
			sourceTree = "<group>";
		};
		0004A35C1C13723B0046E805 /* Quranic */ = {
			isa = PBXGroup;
			children = (
				0004A35D1C13723B0046E805 /* QuranicAuthor.h */,
				0004A35E1C13723B0046E805 /* QuranicAuthor.m */,
				0004A35F1C13723B0046E805 /* QuranicCustomFields.h */,
				0004A3601C13723B0046E805 /* QuranicCustomFields.m */,
				0004A3611C13723B0046E805 /* QuranicDataModels.h */,
				0004A3621C13723B0046E805 /* QuranicPosts.h */,
				0004A3631C13723B0046E805 /* QuranicPosts.m */,
				0004A3641C13723B0046E805 /* QuranicResponse.h */,
				0004A3651C13723B0046E805 /* QuranicResponse.m */,
			);
			path = Quranic;
			sourceTree = "<group>";
		};
		001653121C12009900498E02 = {
			isa = PBXGroup;
			children = (
				0016531D1C12009A00498E02 /* Radio */,
				0016531C1C12009A00498E02 /* Products */,
				EC18595EAA55967A654F3C1B /* Pods */,
				5F0821C010EC9BEC60553486 /* Frameworks */,
			);
			sourceTree = "<group>";
		};
		0016531C1C12009A00498E02 /* Products */ = {
			isa = PBXGroup;
			children = (
				0016531B1C12009A00498E02 /* Radio.app */,
			);
			name = Products;
			sourceTree = "<group>";
		};
		0016531D1C12009A00498E02 /* Radio */ = {
			isa = PBXGroup;
			children = (
				0016536D1C1210E300498E02 /* Manager */,
				001653601C120FEB00498E02 /* Models */,
				001653361C1201B600498E02 /* Common */,
				001653351C1201A700498E02 /* View Controllers */,
				001653211C12009A00498E02 /* AppDelegate.h */,
				001653221C12009A00498E02 /* AppDelegate.m */,
				0016532A1C12009A00498E02 /* Assets.xcassets */,
				0016532C1C12009A00498E02 /* LaunchScreen.storyboard */,
				0016532F1C12009A00498E02 /* Info.plist */,
				0016531E1C12009A00498E02 /* Supporting Files */,
			);
			path = Radio;
			sourceTree = "<group>";
		};
		0016531E1C12009A00498E02 /* Supporting Files */ = {
			isa = PBXGroup;
			children = (
				0004A33A1C134B2E0046E805 /* Font */,
				0016531F1C12009A00498E02 /* main.m */,
			);
			name = "Supporting Files";
			sourceTree = "<group>";
		};
		001653351C1201A700498E02 /* View Controllers */ = {
			isa = PBXGroup;
			children = (
				001653481C120AD600498E02 /* Quranic */,
				001653461C120AC000498E02 /* Jadwal */,
				001653451C120AB800498E02 /* Radio Streaming */,
				001653411C12023E00498E02 /* Base */,
				0016533C1C12020900498E02 /* Home */,
			);
			name = "View Controllers";
			sourceTree = "<group>";
		};
		001653361C1201B600498E02 /* Common */ = {
			isa = PBXGroup;
			children = (
				0016533D1C12021200498E02 /* Navigation */,
				0016536C1C12107300498E02 /* StaticAndPreferences.h */,
				00A58A3F1C12293F0005F32E /* CommonHelper.h */,
				00A58A401C12293F0005F32E /* CommonHelper.m */,
				00A58A4B1C1237870005F32E /* DeviceHelper.h */,
				00A58A4C1C1237870005F32E /* DeviceHelper.m */,
				0004A3491C134CF50046E805 /* SeparatorLineView.h */,
				0004A34A1C134CF50046E805 /* SeparatorLineView.m */,
			);
			name = Common;
			sourceTree = "<group>";
		};
		0016533C1C12020900498E02 /* Home */ = {
			isa = PBXGroup;
			children = (
				001653371C12020600498E02 /* HomeViewController.h */,
				001653381C12020600498E02 /* HomeViewController.m */,
				001653391C12020600498E02 /* HomeViewController.xib */,
				001653511C120D3C00498E02 /* HomeView.h */,
				001653521C120D3C00498E02 /* HomeView.m */,
			);
			name = Home;
			sourceTree = "<group>";
		};
		0016533D1C12021200498E02 /* Navigation */ = {
			isa = PBXGroup;
			children = (
				0016533E1C12023800498E02 /* VanNavigationController.h */,
				0016533F1C12023800498E02 /* VanNavigationController.m */,
			);
			name = Navigation;
			sourceTree = "<group>";
		};
		001653411C12023E00498E02 /* Base */ = {
			isa = PBXGroup;
			children = (
				001653421C12024B00498E02 /* BaseViewController.h */,
				001653431C12024B00498E02 /* BaseViewController.m */,
			);
			name = Base;
			sourceTree = "<group>";
		};
		001653451C120AB800498E02 /* Radio Streaming */ = {
			isa = PBXGroup;
			children = (
				001653491C120AEB00498E02 /* StreamingViewController.h */,
				0016534A1C120AEB00498E02 /* StreamingViewController.m */,
				0016534B1C120AEB00498E02 /* StreamingViewController.xib */,
				0016534E1C120AF900498E02 /* StreamingView.h */,
				0016534F1C120AF900498E02 /* StreamingView.m */,
			);
			name = "Radio Streaming";
			sourceTree = "<group>";
		};
		001653461C120AC000498E02 /* Jadwal */ = {
			isa = PBXGroup;
			children = (
				0004A34C1C1353C00046E805 /* Header */,
				00A58A421C122D140005F32E /* Cell */,
				0016535C1C120F0600498E02 /* Data Source */,
				001653541C120D8500498E02 /* ScheduleViewController.h */,
				001653551C120D8500498E02 /* ScheduleViewController.m */,
				001653561C120D8500498E02 /* ScheduleViewController.xib */,
				001653591C120D9600498E02 /* ScheduleView.h */,
				0016535A1C120D9600498E02 /* ScheduleView.m */,
			);
			name = Jadwal;
			sourceTree = "<group>";
		};
		001653481C120AD600498E02 /* Quranic */ = {
			isa = PBXGroup;
			children = (
				0004A3561C1371610046E805 /* Quranic Cell */,
				0004A3521C13713F0046E805 /* Data Source */,
				0004A36F1C13E5690046E805 /* QuranicViewController.h */,
				0004A3701C13E5690046E805 /* QuranicViewController.m */,
				0004A3711C13E5690046E805 /* QuranicViewController.xib */,
			);
			name = Quranic;
			sourceTree = "<group>";
		};
		0016535C1C120F0600498E02 /* Data Source */ = {
			isa = PBXGroup;
			children = (
				0016535D1C120F1D00498E02 /* ScheduleDataSource.h */,
				0016535E1C120F1D00498E02 /* ScheduleDataSource.m */,
			);
			name = "Data Source";
			sourceTree = "<group>";
		};
		001653601C120FEB00498E02 /* Models */ = {
			isa = PBXGroup;
			children = (
				0004A35C1C13723B0046E805 /* Quranic */,
				001653611C120FF200498E02 /* Schedule */,
			);
			name = Models;
			sourceTree = "<group>";
		};
		001653611C120FF200498E02 /* Schedule */ = {
			isa = PBXGroup;
			children = (
				001653621C120FF200498E02 /* ScheduleDataModels.h */,
				001653631C120FF200498E02 /* ScheduleOutputProperties.h */,
				001653641C120FF200498E02 /* ScheduleOutputProperties.m */,
				001653651C120FF200498E02 /* ScheduleResponse.h */,
				001653661C120FF200498E02 /* ScheduleResponse.m */,
				001653671C120FF200498E02 /* ScheduleResults.h */,
				001653681C120FF200498E02 /* ScheduleResults.m */,
			);
			path = Schedule;
			sourceTree = "<group>";
		};
		0016536D1C1210E300498E02 /* Manager */ = {
			isa = PBXGroup;
			children = (
				0016536E1C12111600498E02 /* APIManager.h */,
				0016536F1C12111600498E02 /* APIManager.m */,
				00A58A381C1215170005F32E /* DatabaseManager.h */,
				00A58A391C1215170005F32E /* DatabaseManager.m */,
			);
			name = Manager;
			sourceTree = "<group>";
		};
		00A58A421C122D140005F32E /* Cell */ = {
			isa = PBXGroup;
			children = (
				0004A3351C1348F20046E805 /* ScheduleTableViewCell.h */,
				0004A3361C1348F20046E805 /* ScheduleTableViewCell.m */,
				0004A3371C1348F20046E805 /* ScheduleTableViewCell.xib */,
			);
			name = Cell;
			sourceTree = "<group>";
		};
		5F0821C010EC9BEC60553486 /* Frameworks */ = {
			isa = PBXGroup;
			children = (
				00943E931C4756AC00BA3161 /* AVFoundation.framework */,
				00943E911C4756AC00BA3161 /* AdSupport.framework */,
				00A58A3D1C121EE10005F32E /* UIKit.framework */,
				00A58A3B1C121DBC0005F32E /* CoreFoundation.framework */,
				45F7310F24C8FB1DDF47E970 /* libPods-Radio.a */,
			);
			name = Frameworks;
			sourceTree = "<group>";
		};
		EC18595EAA55967A654F3C1B /* Pods */ = {
			isa = PBXGroup;
			children = (
				40336771EC57B4E124C61A5A /* Pods-Radio.debug.xcconfig */,
				BA23F7DE3C9D0D72293A3B0D /* Pods-Radio.release.xcconfig */,
			);
			name = Pods;
			sourceTree = "<group>";
		};
/* End PBXGroup section */

/* Begin PBXNativeTarget section */
		0016531A1C12009A00498E02 /* Radio */ = {
			isa = PBXNativeTarget;
			buildConfigurationList = 001653321C12009A00498E02 /* Build configuration list for PBXNativeTarget "Radio" */;
			buildPhases = (
				628BFBE30FF1065059B8D74E /* Check Pods Manifest.lock */,
				001653171C12009A00498E02 /* Sources */,
				001653181C12009A00498E02 /* Frameworks */,
				001653191C12009A00498E02 /* Resources */,
				21682AF6396F887F245791C7 /* Embed Pods Frameworks */,
				540C70D8E635B09E50F72137 /* Copy Pods Resources */,
				0004A3741C141ADA0046E805 /* ShellScript */,
			);
			buildRules = (
			);
			dependencies = (
			);
			name = Radio;
			productName = Radio;
			productReference = 0016531B1C12009A00498E02 /* Radio.app */;
			productType = "com.apple.product-type.application";
		};
/* End PBXNativeTarget section */

/* Begin PBXProject section */
		001653131C12009900498E02 /* Project object */ = {
			isa = PBXProject;
			attributes = {
				LastUpgradeCheck = 0710;
				ORGANIZATIONNAME = "Dalvk Studio";
				TargetAttributes = {
					0016531A1C12009A00498E02 = {
						CreatedOnToolsVersion = 7.1;
						DevelopmentTeam = EF9SC2ZZ25;
						SystemCapabilities = {
							com.apple.BackgroundModes = {
								enabled = 1;
							};
							com.apple.Push = {
								enabled = 1;
							};
						};
					};
				};
			};
			buildConfigurationList = 001653161C12009900498E02 /* Build configuration list for PBXProject "Radio" */;
			compatibilityVersion = "Xcode 3.2";
			developmentRegion = English;
			hasScannedForEncodings = 0;
			knownRegions = (
				en,
				Base,
			);
			mainGroup = 001653121C12009900498E02;
			productRefGroup = 0016531C1C12009A00498E02 /* Products */;
			projectDirPath = "";
			projectRoot = "";
			targets = (
				0016531A1C12009A00498E02 /* Radio */,
			);
		};
/* End PBXProject section */

/* Begin PBXResourcesBuildPhase section */
		001653191C12009A00498E02 /* Resources */ = {
			isa = PBXResourcesBuildPhase;
			buildActionMask = 2147483647;
			files = (
				0004A3431C134B2E0046E805 /* MuseoSans-500.otf in Resources */,
				009B3AE01C67958E007C1AA1 /* Elevate_PersonalUse.ttf in Resources */,
				0016532E1C12009A00498E02 /* LaunchScreen.storyboard in Resources */,
				0004A3731C13E5690046E805 /* QuranicViewController.xib in Resources */,
				0016534D1C120AEB00498E02 /* StreamingViewController.xib in Resources */,
				001653581C120D8500498E02 /* ScheduleViewController.xib in Resources */,
				0016532B1C12009A00498E02 /* Assets.xcassets in Resources */,
				0004A3421C134B2E0046E805 /* MuseoSans-300.otf in Resources */,
				0004A3471C134B2E0046E805 /* MuseoSans_500.otf in Resources */,
				0004A3451C134B2E0046E805 /* MuseoSans_100.otf in Resources */,
				0004A3481C134B2E0046E805 /* MuseoSans_700.otf in Resources */,
				0004A3391C1348F20046E805 /* ScheduleTableViewCell.xib in Resources */,
				0004A3461C134B2E0046E805 /* MuseoSans_300.otf in Resources */,
				0016533B1C12020600498E02 /* HomeViewController.xib in Resources */,
				0004A3441C134B2E0046E805 /* MuseoSans-700.otf in Resources */,
				0004A36E1C13DE540046E805 /* QuranicTableViewCell.xib in Resources */,
			);
			runOnlyForDeploymentPostprocessing = 0;
		};
/* End PBXResourcesBuildPhase section */

/* Begin PBXShellScriptBuildPhase section */
		0004A3741C141ADA0046E805 /* ShellScript */ = {
			isa = PBXShellScriptBuildPhase;
			buildActionMask = 2147483647;
			files = (
			);
			inputPaths = (
			);
			outputPaths = (
			);
			runOnlyForDeploymentPostprocessing = 0;
			shellPath = /bin/sh;
			shellScript = "\"${PODS_ROOT}/Fabric/run\" 4165a61ef093b00352a634db8c625bdbd68ff756 eb6ccec33a3a87d11b8db531559c5d421872993e1fe44eaff47e42ff86e26e3d";
		};
		21682AF6396F887F245791C7 /* Embed Pods Frameworks */ = {
			isa = PBXShellScriptBuildPhase;
			buildActionMask = 2147483647;
			files = (
			);
			inputPaths = (
			);
			name = "Embed Pods Frameworks";
			outputPaths = (
			);
			runOnlyForDeploymentPostprocessing = 0;
			shellPath = /bin/sh;
			shellScript = "\"${SRCROOT}/Pods/Target Support Files/Pods-Radio/Pods-Radio-frameworks.sh\"\n";
			showEnvVarsInLog = 0;
		};
		540C70D8E635B09E50F72137 /* Copy Pods Resources */ = {
			isa = PBXShellScriptBuildPhase;
			buildActionMask = 2147483647;
			files = (
			);
			inputPaths = (
			);
			name = "Copy Pods Resources";
			outputPaths = (
			);
			runOnlyForDeploymentPostprocessing = 0;
			shellPath = /bin/sh;
			shellScript = "\"${SRCROOT}/Pods/Target Support Files/Pods-Radio/Pods-Radio-resources.sh\"\n";
			showEnvVarsInLog = 0;
		};
		628BFBE30FF1065059B8D74E /* Check Pods Manifest.lock */ = {
			isa = PBXShellScriptBuildPhase;
			buildActionMask = 2147483647;
			files = (
			);
			inputPaths = (
			);
			name = "Check Pods Manifest.lock";
			outputPaths = (
			);
			runOnlyForDeploymentPostprocessing = 0;
			shellPath = /bin/sh;
			shellScript = "diff \"${PODS_ROOT}/../Podfile.lock\" \"${PODS_ROOT}/Manifest.lock\" > /dev/null\nif [[ $? != 0 ]] ; then\n    cat << EOM\nerror: The sandbox is not in sync with the Podfile.lock. Run 'pod install' or update your CocoaPods installation.\nEOM\n    exit 1\nfi\n";
			showEnvVarsInLog = 0;
		};
/* End PBXShellScriptBuildPhase section */

/* Begin PBXSourcesBuildPhase section */
		001653171C12009A00498E02 /* Sources */ = {
			isa = PBXSourcesBuildPhase;
			buildActionMask = 2147483647;
			files = (
				00A58A4D1C1237870005F32E /* DeviceHelper.m in Sources */,
				001653231C12009A00498E02 /* AppDelegate.m in Sources */,
				0016536B1C120FF200498E02 /* ScheduleResults.m in Sources */,
				001653531C120D3C00498E02 /* HomeView.m in Sources */,
				0016536A1C120FF200498E02 /* ScheduleResponse.m in Sources */,
				0016534C1C120AEB00498E02 /* StreamingViewController.m in Sources */,
				0016535B1C120D9600498E02 /* ScheduleView.m in Sources */,
				0004A3661C13723B0046E805 /* QuranicAuthor.m in Sources */,
				001653441C12024B00498E02 /* BaseViewController.m in Sources */,
				001653401C12023800498E02 /* VanNavigationController.m in Sources */,
				001653201C12009A00498E02 /* main.m in Sources */,
				0016535F1C120F1D00498E02 /* ScheduleDataSource.m in Sources */,
				001653691C120FF200498E02 /* ScheduleOutputProperties.m in Sources */,
				0016533A1C12020600498E02 /* HomeViewController.m in Sources */,
				0004A3681C13723B0046E805 /* QuranicPosts.m in Sources */,
				0004A3381C1348F20046E805 /* ScheduleTableViewCell.m in Sources */,
				00A58A411C12293F0005F32E /* CommonHelper.m in Sources */,
				0004A3551C1371580046E805 /* QuranicDataSource.m in Sources */,
				0004A3671C13723B0046E805 /* QuranicCustomFields.m in Sources */,
				00A58A3A1C1215170005F32E /* DatabaseManager.m in Sources */,
				001653571C120D8500498E02 /* ScheduleViewController.m in Sources */,
				0004A36D1C13DE540046E805 /* QuranicTableViewCell.m in Sources */,
				0004A3691C13723B0046E805 /* QuranicResponse.m in Sources */,
				001653501C120AF900498E02 /* StreamingView.m in Sources */,
				0004A3721C13E5690046E805 /* QuranicViewController.m in Sources */,
				0004A34B1C134CF50046E805 /* SeparatorLineView.m in Sources */,
				001653701C12111600498E02 /* APIManager.m in Sources */,
			);
			runOnlyForDeploymentPostprocessing = 0;
		};
/* End PBXSourcesBuildPhase section */

/* Begin PBXVariantGroup section */
		0016532C1C12009A00498E02 /* LaunchScreen.storyboard */ = {
			isa = PBXVariantGroup;
			children = (
				0016532D1C12009A00498E02 /* Base */,
			);
			name = LaunchScreen.storyboard;
			sourceTree = "<group>";
		};
/* End PBXVariantGroup section */

/* Begin XCBuildConfiguration section */
		001653301C12009A00498E02 /* Debug */ = {
			isa = XCBuildConfiguration;
			buildSettings = {
				ALWAYS_SEARCH_USER_PATHS = NO;
				CLANG_CXX_LANGUAGE_STANDARD = "gnu++0x";
				CLANG_CXX_LIBRARY = "libc++";
				CLANG_ENABLE_MODULES = YES;
				CLANG_ENABLE_OBJC_ARC = YES;
				CLANG_WARN_BOOL_CONVERSION = YES;
				CLANG_WARN_CONSTANT_CONVERSION = YES;
				CLANG_WARN_DIRECT_OBJC_ISA_USAGE = YES_ERROR;
				CLANG_WARN_EMPTY_BODY = YES;
				CLANG_WARN_ENUM_CONVERSION = YES;
				CLANG_WARN_INT_CONVERSION = YES;
				CLANG_WARN_OBJC_ROOT_CLASS = YES_ERROR;
				CLANG_WARN_UNREACHABLE_CODE = YES;
				CLANG_WARN__DUPLICATE_METHOD_MATCH = YES;
				"CODE_SIGN_IDENTITY[sdk=iphoneos*]" = "iPhone Developer";
				COPY_PHASE_STRIP = NO;
				DEBUG_INFORMATION_FORMAT = dwarf;
				ENABLE_STRICT_OBJC_MSGSEND = YES;
				ENABLE_TESTABILITY = YES;
				GCC_C_LANGUAGE_STANDARD = gnu99;
				GCC_DYNAMIC_NO_PIC = NO;
				GCC_NO_COMMON_BLOCKS = YES;
				GCC_OPTIMIZATION_LEVEL = 0;
				GCC_PREPROCESSOR_DEFINITIONS = (
					"DEBUG=1",
					"$(inherited)",
				);
				GCC_WARN_64_TO_32_BIT_CONVERSION = YES;
				GCC_WARN_ABOUT_RETURN_TYPE = YES_ERROR;
				GCC_WARN_UNDECLARED_SELECTOR = YES;
				GCC_WARN_UNINITIALIZED_AUTOS = YES_AGGRESSIVE;
				GCC_WARN_UNUSED_FUNCTION = YES;
				GCC_WARN_UNUSED_VARIABLE = YES;
				IPHONEOS_DEPLOYMENT_TARGET = 9.1;
				MTL_ENABLE_DEBUG_INFO = YES;
				ONLY_ACTIVE_ARCH = YES;
				SDKROOT = iphoneos;
				TARGETED_DEVICE_FAMILY = "1,2";
			};
			name = Debug;
		};
		001653311C12009A00498E02 /* Release */ = {
			isa = XCBuildConfiguration;
			buildSettings = {
				ALWAYS_SEARCH_USER_PATHS = NO;
				CLANG_CXX_LANGUAGE_STANDARD = "gnu++0x";
				CLANG_CXX_LIBRARY = "libc++";
				CLANG_ENABLE_MODULES = YES;
				CLANG_ENABLE_OBJC_ARC = YES;
				CLANG_WARN_BOOL_CONVERSION = YES;
				CLANG_WARN_CONSTANT_CONVERSION = YES;
				CLANG_WARN_DIRECT_OBJC_ISA_USAGE = YES_ERROR;
				CLANG_WARN_EMPTY_BODY = YES;
				CLANG_WARN_ENUM_CONVERSION = YES;
				CLANG_WARN_INT_CONVERSION = YES;
				CLANG_WARN_OBJC_ROOT_CLASS = YES_ERROR;
				CLANG_WARN_UNREACHABLE_CODE = YES;
				CLANG_WARN__DUPLICATE_METHOD_MATCH = YES;
				"CODE_SIGN_IDENTITY[sdk=iphoneos*]" = "iPhone Developer";
				COPY_PHASE_STRIP = NO;
				DEBUG_INFORMATION_FORMAT = "dwarf-with-dsym";
				ENABLE_NS_ASSERTIONS = NO;
				ENABLE_STRICT_OBJC_MSGSEND = YES;
				GCC_C_LANGUAGE_STANDARD = gnu99;
				GCC_NO_COMMON_BLOCKS = YES;
				GCC_WARN_64_TO_32_BIT_CONVERSION = YES;
				GCC_WARN_ABOUT_RETURN_TYPE = YES_ERROR;
				GCC_WARN_UNDECLARED_SELECTOR = YES;
				GCC_WARN_UNINITIALIZED_AUTOS = YES_AGGRESSIVE;
				GCC_WARN_UNUSED_FUNCTION = YES;
				GCC_WARN_UNUSED_VARIABLE = YES;
				IPHONEOS_DEPLOYMENT_TARGET = 9.1;
				MTL_ENABLE_DEBUG_INFO = NO;
				SDKROOT = iphoneos;
				TARGETED_DEVICE_FAMILY = "1,2";
				VALIDATE_PRODUCT = YES;
			};
			name = Release;
		};
		001653331C12009A00498E02 /* Debug */ = {
			isa = XCBuildConfiguration;
			baseConfigurationReference = 40336771EC57B4E124C61A5A /* Pods-Radio.debug.xcconfig */;
			buildSettings = {
				ASSETCATALOG_COMPILER_APPICON_NAME = "AppIcon-1";
				CODE_SIGN_IDENTITY = "iPhone Developer";
				"CODE_SIGN_IDENTITY[sdk=iphoneos*]" = "iPhone Developer";
				INFOPLIST_FILE = Radio/Info.plist;
				IPHONEOS_DEPLOYMENT_TARGET = 9.1;
				LD_RUNPATH_SEARCH_PATHS = "$(inherited) @executable_path/Frameworks";
				PRODUCT_BUNDLE_IDENTIFIER = "com.netra.Radio-Dakwah";
				PRODUCT_NAME = "$(TARGET_NAME)";
				PROVISIONING_PROFILE = "";
				TARGETED_DEVICE_FAMILY = 1;
			};
			name = Debug;
		};
		001653341C12009A00498E02 /* Release */ = {
			isa = XCBuildConfiguration;
			baseConfigurationReference = BA23F7DE3C9D0D72293A3B0D /* Pods-Radio.release.xcconfig */;
			buildSettings = {
				ASSETCATALOG_COMPILER_APPICON_NAME = "AppIcon-1";
				CODE_SIGN_IDENTITY = "iPhone Developer";
				"CODE_SIGN_IDENTITY[sdk=iphoneos*]" = "iPhone Developer";
				INFOPLIST_FILE = Radio/Info.plist;
				IPHONEOS_DEPLOYMENT_TARGET = 9.1;
				LD_RUNPATH_SEARCH_PATHS = "$(inherited) @executable_path/Frameworks";
				PRODUCT_BUNDLE_IDENTIFIER = "com.netra.Radio-Dakwah";
				PRODUCT_NAME = "$(TARGET_NAME)";
				PROVISIONING_PROFILE = "";
				TARGETED_DEVICE_FAMILY = 1;
			};
			name = Release;
		};
/* End XCBuildConfiguration section */

/* Begin XCConfigurationList section */
		001653161C12009900498E02 /* Build configuration list for PBXProject "Radio" */ = {
			isa = XCConfigurationList;
			buildConfigurations = (
				001653301C12009A00498E02 /* Debug */,
				001653311C12009A00498E02 /* Release */,
			);
			defaultConfigurationIsVisible = 0;
			defaultConfigurationName = Release;
		};
		001653321C12009A00498E02 /* Build configuration list for PBXNativeTarget "Radio" */ = {
			isa = XCConfigurationList;
			buildConfigurations = (
				001653331C12009A00498E02 /* Debug */,
				001653341C12009A00498E02 /* Release */,
			);
			defaultConfigurationIsVisible = 0;
			defaultConfigurationName = Release;
		};
/* End XCConfigurationList section */
	};
	rootObject = 001653131C12009900498E02 /* Project object */;
}
